
Microsoft Visual Studio Solution File, Format Version 12.00
# Visual Studio Version 16
VisualStudioVersion = 16.0.32802.440
MinimumVisualStudioVersion = 10.0.40219.1
Project("{FAE04EC0-301F-11D3-BF4B-00C04F79EFBC}") = "Reimbesrment System", "Reimbesrment System\Reimbesrment System.csproj", "{A7CEC565-1009-44C0-BA61-A38965CD2095}"
EndProject
Global
	GlobalSection(SolutionConfigurationPlatforms) = preSolution
		Debug|Any CPU = Debug|Any CPU
		Release|Any CPU = Release|Any CPU
	EndGlobalSection
	GlobalSection(ProjectConfigurationPlatforms) = postSolution
		{A7CEC565-1009-44C0-BA61-A38965CD2095}.Debug|Any CPU.ActiveCfg = Debug|Any CPU
		{A7CEC565-1009-44C0-BA61-A38965CD2095}.Debug|Any CPU.Build.0 = Debug|Any CPU
		{A7CEC565-1009-44C0-BA61-A38965CD2095}.Release|Any CPU.ActiveCfg = Release|Any CPU
		{A7CEC565-1009-44C0-BA61-A38965CD2095}.Release|Any CPU.Build.0 = Release|Any CPU
	EndGlobalSection
	GlobalSection(SolutionProperties) = preSolution
		HideSolutionNode = FALSE
	EndGlobalSection
	GlobalSection(ExtensibilityGlobals) = postSolution
		SolutionGuid = {444F3B75-F9F7-4B33-B1ED-8E0AC9A9E6E6}
	EndGlobalSection
EndGlobal
